<?xml version="1.0" encoding="utf-8"?>
<Project ToolsVersion="4.0" xmlns="http://schemas.microsoft.com/developer/msbuild/2003">
  <ItemGroup>
    <Filter Include="來源檔案">
      <UniqueIdentifier>{4FC737F1-C7A5-4376-A066-2A32D752A2FF}</UniqueIdentifier>
      <Extensions>cpp;c;cc;cxx;def;odl;idl;hpj;bat;asm;asmx</Extensions>
    </Filter>
    <Filter Include="標頭檔">
      <UniqueIdentifier>{93995380-89BD-4b04-88EB-625FBE52EBFB}</UniqueIdentifier>
      <Extensions>h;hh;hpp;hxx;hm;inl;inc;ipp;xsd</Extensions>
    </Filter>
    <Filter Include="資源檔">
      <UniqueIdentifier>{67DA6AB6-F800-4c08-8B7A-83BB121AAD01}</UniqueIdentifier>
      <Extensions>rc;ico;cur;bmp;dlg;rc2;rct;bin;rgs;gif;jpg;jpeg;jpe;resx;tiff;tif;png;wav;mfcribbon-ms</Extensions>
    </Filter>
    <Filter Include="Shader">
      <UniqueIdentifier>{f3a39497-64d6-45be-b686-5fdee2fe60cd}</UniqueIdentifier>
    </Filter>
    <Filter Include="DirectXTK">
      <UniqueIdentifier>{c8cb34a8-5441-41c0-b7e2-0fe139bd95b2}</UniqueIdentifier>
    </Filter>
    <Filter Include="標頭檔\Include">
      <UniqueIdentifier>{3eafd783-a2c1-4982-a916-2b6bf06965d9}</UniqueIdentifier>
    </Filter>
  </ItemGroup>
  <ItemGroup>
    <ResourceCompile Include="Sample.rc">
      <Filter>資源檔</Filter>
    </ResourceCompile>
  </ItemGroup>
  <ItemGroup>
    <Image Include="small.ico">
      <Filter>資源檔</Filter>
    </Image>
    <Image Include="Sample.ico">
      <Filter>資源檔</Filter>
    </Image>
    <Image Include="seafloor.dds">
      <Filter>資源檔</Filter>
    </Image>
  </ItemGroup>
  <ItemGroup>
    <Manifest Include="app.manifest">
      <Filter>資源檔</Filter>
    </Manifest>
  </ItemGroup>
  <ItemGroup>
    <FxCompile Include="Shader\PixelShader.hlsl">
      <Filter>Shader</Filter>
    </FxCompile>
    <FxCompile Include="Shader\VertexShader.hlsl">
      <Filter>Shader</Filter>
    </FxCompile>
  </ItemGroup>
  <ItemGroup>
    <ClCompile Include="DirectXTK\Src\WICTextureLoader.cpp">
      <Filter>DirectXTK</Filter>
    </ClCompile>
    <ClCompile Include="DirectXTK\Src\DDSTextureLoader.cpp">
      <Filter>DirectXTK</Filter>
    </ClCompile>
    <ClCompile Include="stdafx.cpp">
      <Filter>標頭檔</Filter>
    </ClCompile>
    <ClCompile Include="Sample.cpp">
      <Filter>來源檔案</Filter>
    </ClCompile>
  </ItemGroup>
  <ItemGroup>
    <ClInclude Include="resource.h">
      <Filter>標頭檔</Filter>
    </ClInclude>
    <ClInclude Include="Sample.h">
      <Filter>標頭檔</Filter>
    </ClInclude>
    <ClInclude Include="stdafx.h">
      <Filter>標頭檔</Filter>
    </ClInclude>
    <ClInclude Include="targetver.h">
      <Filter>標頭檔</Filter>
    </ClInclude>
    <ClInclude Include="Include\DirectXEnvironment.h">
      <Filter>標頭檔\Include</Filter>
    </ClInclude>
    <ClInclude Include="Include\SimpleVertex.h">
      <Filter>標頭檔\Include</Filter>
    </ClInclude>
    <ClInclude Include="Include\Shader.h">
      <Filter>標頭檔\Include</Filter>
    </ClInclude>
    <ClInclude Include="Include\String.h">
      <Filter>標頭檔\Include</Filter>
    </ClInclude>
    <ClInclude Include="Include\Exception.h">
      <Filter>標頭檔\Include</Filter>
    </ClInclude>
    <ClInclude Include="Include\DeviceInfo.h">
      <Filter>標頭檔\Include</Filter>
    </ClInclude>
    <ClInclude Include="DirectX.h">
      <Filter>標頭檔</Filter>
    </ClInclude>
    <ClInclude Include="Include\Registry.h">
      <Filter>標頭檔\Include</Filter>
    </ClInclude>
  </ItemGroup>
</Project>